
Microsoft Visual Studio Solution File, Format Version 12.00
# Visual Studio Version 16
VisualStudioVersion = 16.0.31025.194
MinimumVisualStudioVersion = 10.0.40219.1
Project("{FAE04EC0-301F-11D3-BF4B-00C04F79EFBC}") = "PruebaEdge", "PruebaEdge\PruebaEdge.csproj", "{FB1749D0-B5A3-4537-8F24-B1B62D961881}"
EndProject
Global
	GlobalSection(SolutionConfigurationPlatforms) = preSolution
		Debug|Any CPU = Debug|Any CPU
		Release|Any CPU = Release|Any CPU
	EndGlobalSection
	GlobalSection(ProjectConfigurationPlatforms) = postSolution
		{FB1749D0-B5A3-4537-8F24-B1B62D961881}.Debug|Any CPU.ActiveCfg = Debug|Any CPU
		{FB1749D0-B5A3-4537-8F24-B1B62D961881}.Debug|Any CPU.Build.0 = Debug|Any CPU
		{FB1749D0-B5A3-4537-8F24-B1B62D961881}.Release|Any CPU.ActiveCfg = Release|Any CPU
		{FB1749D0-B5A3-4537-8F24-B1B62D961881}.Release|Any CPU.Build.0 = Release|Any CPU
	EndGlobalSection
	GlobalSection(SolutionProperties) = preSolution
		HideSolutionNode = FALSE
	EndGlobalSection
	GlobalSection(ExtensibilityGlobals) = postSolution
		SolutionGuid = {994AC739-63FB-4C72-A518-DF6B113FB606}
	EndGlobalSection
EndGlobal
